// !$*UTF8*$!
{
	archiveVersion = 1;
	classes = {
	};
	objectVersion = 56;
	objects = {

/* Begin PBXBuildFile section */
		B40857F02B16722E008A31D4 /* LoginViewModel.swift in Sources */ = {isa = PBXBuildFile; fileRef = B40857EF2B16722E008A31D4 /* LoginViewModel.swift */; };
		B440DD852B12FD9200692D7D /* LoginAPI.swift in Sources */ = {isa = PBXBuildFile; fileRef = B440DD842B12FD9200692D7D /* LoginAPI.swift */; };
		B440DD872B12FFE700692D7D /* APIRequestProtocol.swift in Sources */ = {isa = PBXBuildFile; fileRef = B440DD862B12FFE700692D7D /* APIRequestProtocol.swift */; };
		B45A89A42B0ADCB8006FC2F1 /* AuthenticationSwiftUIApp.swift in Sources */ = {isa = PBXBuildFile; fileRef = B45A89A32B0ADCB8006FC2F1 /* AuthenticationSwiftUIApp.swift */; };
		B45A89A62B0ADCB8006FC2F1 /* ContentView.swift in Sources */ = {isa = PBXBuildFile; fileRef = B45A89A52B0ADCB8006FC2F1 /* ContentView.swift */; };
		B45A89A82B0ADCBB006FC2F1 /* Assets.xcassets in Resources */ = {isa = PBXBuildFile; fileRef = B45A89A72B0ADCBB006FC2F1 /* Assets.xcassets */; };
		B45A89AB2B0ADCBB006FC2F1 /* Preview Assets.xcassets in Resources */ = {isa = PBXBuildFile; fileRef = B45A89AA2B0ADCBB006FC2F1 /* Preview Assets.xcassets */; };
		B45A89C12B0ADCBB006FC2F1 /* AuthenticationSwiftUIUITestsLaunchTests.swift in Sources */ = {isa = PBXBuildFile; fileRef = B45A89C02B0ADCBB006FC2F1 /* AuthenticationSwiftUIUITestsLaunchTests.swift */; };
		B49DFF1A2B2445F9000FB134 /* LoginTest.swift in Sources */ = {isa = PBXBuildFile; fileRef = B49DFF192B2445F9000FB134 /* LoginTest.swift */; };
		B49DFF1C2B244617000FB134 /* LoginScreen.swift in Sources */ = {isa = PBXBuildFile; fileRef = B49DFF1B2B244617000FB134 /* LoginScreen.swift */; };
		B49DFF1E2B24462B000FB134 /* Login.swift in Sources */ = {isa = PBXBuildFile; fileRef = B49DFF1D2B24462B000FB134 /* Login.swift */; };
		B4A11F912B24CEE300FD43CC /* Screen.swift in Sources */ = {isa = PBXBuildFile; fileRef = B4A11F902B24CEE300FD43CC /* Screen.swift */; };
		B4A11F932B24DE7400FD43CC /* BaseTestCase.swift in Sources */ = {isa = PBXBuildFile; fileRef = B4A11F922B24DE7400FD43CC /* BaseTestCase.swift */; };
		B4A11F952B24E9CB00FD43CC /* Keyboard.swift in Sources */ = {isa = PBXBuildFile; fileRef = B4A11F942B24E9CB00FD43CC /* Keyboard.swift */; };
		B4A11F992B25431600FD43CC /* SimpleToast in Frameworks */ = {isa = PBXBuildFile; productRef = B4A11F982B25431600FD43CC /* SimpleToast */; };
		B4A11F9F2B2553D400FD43CC /* HomeScreen.swift in Sources */ = {isa = PBXBuildFile; fileRef = B4A11F9E2B2553D400FD43CC /* HomeScreen.swift */; };
		B4A11FA12B25541700FD43CC /* HomeDashBoard.swift in Sources */ = {isa = PBXBuildFile; fileRef = B4A11FA02B25541700FD43CC /* HomeDashBoard.swift */; };
		B4A11FA32B25545A00FD43CC /* DashBoardNetworkServices.swift in Sources */ = {isa = PBXBuildFile; fileRef = B4A11FA22B25545A00FD43CC /* DashBoardNetworkServices.swift */; };
		B4A11FA52B25546F00FD43CC /* HomeViewModel.swift in Sources */ = {isa = PBXBuildFile; fileRef = B4A11FA42B25546F00FD43CC /* HomeViewModel.swift */; };
		B4C1858D2B22BA8900FB2960 /* LoginTests.swift in Sources */ = {isa = PBXBuildFile; fileRef = B4C1858C2B22BA8900FB2960 /* LoginTests.swift */; };
		B4CFC66E2B0B1F1800C56712 /* SplashView.swift in Sources */ = {isa = PBXBuildFile; fileRef = B4CFC66D2B0B1F1800C56712 /* SplashView.swift */; };
		B4CFC6712B0B207900C56712 /* LoginView.swift in Sources */ = {isa = PBXBuildFile; fileRef = B4CFC6702B0B207900C56712 /* LoginView.swift */; };
		B4CFC6772B0B222700C56712 /* LoginUser.swift in Sources */ = {isa = PBXBuildFile; fileRef = B4CFC6762B0B222700C56712 /* LoginUser.swift */; };
		B4CFC67A2B0B273D00C56712 /* HTTPMethod.swift in Sources */ = {isa = PBXBuildFile; fileRef = B4CFC6792B0B273D00C56712 /* HTTPMethod.swift */; };
		B4CFC67C2B0B277A00C56712 /* NetworkRequestError.swift in Sources */ = {isa = PBXBuildFile; fileRef = B4CFC67B2B0B277A00C56712 /* NetworkRequestError.swift */; };
		B4CFC67E2B0B2AB300C56712 /* APIConstants.swift in Sources */ = {isa = PBXBuildFile; fileRef = B4CFC67D2B0B2AB300C56712 /* APIConstants.swift */; };
		B4CFC6802B0B2B4F00C56712 /* APIClient.swift in Sources */ = {isa = PBXBuildFile; fileRef = B4CFC67F2B0B2B4F00C56712 /* APIClient.swift */; };
		B4CFC6832B0B2BEF00C56712 /* Log.swift in Sources */ = {isa = PBXBuildFile; fileRef = B4CFC6822B0B2BEF00C56712 /* Log.swift */; };
		B4CFC6872B0B361000C56712 /* LoginService.swift in Sources */ = {isa = PBXBuildFile; fileRef = B4CFC6862B0B361000C56712 /* LoginService.swift */; };
/* End PBXBuildFile section */

/* Begin PBXContainerItemProxy section */
		B45A89B12B0ADCBB006FC2F1 /* PBXContainerItemProxy */ = {
			isa = PBXContainerItemProxy;
			containerPortal = B45A89982B0ADCB8006FC2F1 /* Project object */;
			proxyType = 1;
			remoteGlobalIDString = B45A899F2B0ADCB8006FC2F1;
			remoteInfo = AuthenticationSwiftUI;
		};
		B45A89BB2B0ADCBB006FC2F1 /* PBXContainerItemProxy */ = {
			isa = PBXContainerItemProxy;
			containerPortal = B45A89982B0ADCB8006FC2F1 /* Project object */;
			proxyType = 1;
			remoteGlobalIDString = B45A899F2B0ADCB8006FC2F1;
			remoteInfo = AuthenticationSwiftUI;
		};
/* End PBXContainerItemProxy section */

/* Begin PBXFileReference section */
		B40857EF2B16722E008A31D4 /* LoginViewModel.swift */ = {isa = PBXFileReference; lastKnownFileType = sourcecode.swift; path = LoginViewModel.swift; sourceTree = "<group>"; };
		B440DD842B12FD9200692D7D /* LoginAPI.swift */ = {isa = PBXFileReference; lastKnownFileType = sourcecode.swift; path = LoginAPI.swift; sourceTree = "<group>"; };
		B440DD862B12FFE700692D7D /* APIRequestProtocol.swift */ = {isa = PBXFileReference; lastKnownFileType = sourcecode.swift; path = APIRequestProtocol.swift; sourceTree = "<group>"; };
		B45A89A02B0ADCB8006FC2F1 /* AuthenticationSwiftUI.app */ = {isa = PBXFileReference; explicitFileType = wrapper.application; includeInIndex = 0; path = AuthenticationSwiftUI.app; sourceTree = BUILT_PRODUCTS_DIR; };
		B45A89A32B0ADCB8006FC2F1 /* AuthenticationSwiftUIApp.swift */ = {isa = PBXFileReference; lastKnownFileType = sourcecode.swift; path = AuthenticationSwiftUIApp.swift; sourceTree = "<group>"; };
		B45A89A52B0ADCB8006FC2F1 /* ContentView.swift */ = {isa = PBXFileReference; lastKnownFileType = sourcecode.swift; path = ContentView.swift; sourceTree = "<group>"; };
		B45A89A72B0ADCBB006FC2F1 /* Assets.xcassets */ = {isa = PBXFileReference; lastKnownFileType = folder.assetcatalog; path = Assets.xcassets; sourceTree = "<group>"; };
		B45A89AA2B0ADCBB006FC2F1 /* Preview Assets.xcassets */ = {isa = PBXFileReference; lastKnownFileType = folder.assetcatalog; path = "Preview Assets.xcassets"; sourceTree = "<group>"; };
		B45A89B02B0ADCBB006FC2F1 /* AuthenticationSwiftUITests.xctest */ = {isa = PBXFileReference; explicitFileType = wrapper.cfbundle; includeInIndex = 0; path = AuthenticationSwiftUITests.xctest; sourceTree = BUILT_PRODUCTS_DIR; };
		B45A89BA2B0ADCBB006FC2F1 /* AuthenticationSwiftUIUITests.xctest */ = {isa = PBXFileReference; explicitFileType = wrapper.cfbundle; includeInIndex = 0; path = AuthenticationSwiftUIUITests.xctest; sourceTree = BUILT_PRODUCTS_DIR; };
		B45A89C02B0ADCBB006FC2F1 /* AuthenticationSwiftUIUITestsLaunchTests.swift */ = {isa = PBXFileReference; lastKnownFileType = sourcecode.swift; path = AuthenticationSwiftUIUITestsLaunchTests.swift; sourceTree = "<group>"; };
		B49DFF192B2445F9000FB134 /* LoginTest.swift */ = {isa = PBXFileReference; lastKnownFileType = sourcecode.swift; path = LoginTest.swift; sourceTree = "<group>"; };
		B49DFF1B2B244617000FB134 /* LoginScreen.swift */ = {isa = PBXFileReference; lastKnownFileType = sourcecode.swift; path = LoginScreen.swift; sourceTree = "<group>"; };
		B49DFF1D2B24462B000FB134 /* Login.swift */ = {isa = PBXFileReference; lastKnownFileType = sourcecode.swift; path = Login.swift; sourceTree = "<group>"; };
		B4A11F902B24CEE300FD43CC /* Screen.swift */ = {isa = PBXFileReference; lastKnownFileType = sourcecode.swift; path = Screen.swift; sourceTree = "<group>"; };
		B4A11F922B24DE7400FD43CC /* BaseTestCase.swift */ = {isa = PBXFileReference; lastKnownFileType = sourcecode.swift; path = BaseTestCase.swift; sourceTree = "<group>"; };
		B4A11F942B24E9CB00FD43CC /* Keyboard.swift */ = {isa = PBXFileReference; fileEncoding = 4; lastKnownFileType = sourcecode.swift; path = Keyboard.swift; sourceTree = "<group>"; };
		B4A11F9E2B2553D400FD43CC /* HomeScreen.swift */ = {isa = PBXFileReference; lastKnownFileType = sourcecode.swift; path = HomeScreen.swift; sourceTree = "<group>"; };
		B4A11FA02B25541700FD43CC /* HomeDashBoard.swift */ = {isa = PBXFileReference; lastKnownFileType = sourcecode.swift; path = HomeDashBoard.swift; sourceTree = "<group>"; };
		B4A11FA22B25545A00FD43CC /* DashBoardNetworkServices.swift */ = {isa = PBXFileReference; lastKnownFileType = sourcecode.swift; path = DashBoardNetworkServices.swift; sourceTree = "<group>"; };
		B4A11FA42B25546F00FD43CC /* HomeViewModel.swift */ = {isa = PBXFileReference; lastKnownFileType = sourcecode.swift; path = HomeViewModel.swift; sourceTree = "<group>"; };
		B4C1858C2B22BA8900FB2960 /* LoginTests.swift */ = {isa = PBXFileReference; lastKnownFileType = sourcecode.swift; path = LoginTests.swift; sourceTree = "<group>"; };
		B4CFC66D2B0B1F1800C56712 /* SplashView.swift */ = {isa = PBXFileReference; lastKnownFileType = sourcecode.swift; path = SplashView.swift; sourceTree = "<group>"; };
		B4CFC6702B0B207900C56712 /* LoginView.swift */ = {isa = PBXFileReference; lastKnownFileType = sourcecode.swift; path = LoginView.swift; sourceTree = "<group>"; };
		B4CFC6762B0B222700C56712 /* LoginUser.swift */ = {isa = PBXFileReference; fileEncoding = 4; lastKnownFileType = sourcecode.swift; path = LoginUser.swift; sourceTree = "<group>"; };
		B4CFC6792B0B273D00C56712 /* HTTPMethod.swift */ = {isa = PBXFileReference; lastKnownFileType = sourcecode.swift; path = HTTPMethod.swift; sourceTree = "<group>"; };
		B4CFC67B2B0B277A00C56712 /* NetworkRequestError.swift */ = {isa = PBXFileReference; lastKnownFileType = sourcecode.swift; path = NetworkRequestError.swift; sourceTree = "<group>"; };
		B4CFC67D2B0B2AB300C56712 /* APIConstants.swift */ = {isa = PBXFileReference; lastKnownFileType = sourcecode.swift; path = APIConstants.swift; sourceTree = "<group>"; };
		B4CFC67F2B0B2B4F00C56712 /* APIClient.swift */ = {isa = PBXFileReference; lastKnownFileType = sourcecode.swift; path = APIClient.swift; sourceTree = "<group>"; };
		B4CFC6822B0B2BEF00C56712 /* Log.swift */ = {isa = PBXFileReference; fileEncoding = 4; lastKnownFileType = sourcecode.swift; path = Log.swift; sourceTree = "<group>"; };
		B4CFC6862B0B361000C56712 /* LoginService.swift */ = {isa = PBXFileReference; lastKnownFileType = sourcecode.swift; path = LoginService.swift; sourceTree = "<group>"; };
/* End PBXFileReference section */

/* Begin PBXFrameworksBuildPhase section */
		B45A899D2B0ADCB8006FC2F1 /* Frameworks */ = {
			isa = PBXFrameworksBuildPhase;
			buildActionMask = 2147483647;
			files = (
				B4A11F992B25431600FD43CC /* SimpleToast in Frameworks */,
			);
			runOnlyForDeploymentPostprocessing = 0;
		};
		B45A89AD2B0ADCBB006FC2F1 /* Frameworks */ = {
			isa = PBXFrameworksBuildPhase;
			buildActionMask = 2147483647;
			files = (
			);
			runOnlyForDeploymentPostprocessing = 0;
		};
		B45A89B72B0ADCBB006FC2F1 /* Frameworks */ = {
			isa = PBXFrameworksBuildPhase;
			buildActionMask = 2147483647;
			files = (
			);
			runOnlyForDeploymentPostprocessing = 0;
		};
/* End PBXFrameworksBuildPhase section */

/* Begin PBXGroup section */
		B40857EE2B167214008A31D4 /* LoginViewModel */ = {
			isa = PBXGroup;
			children = (
				B40857EF2B16722E008A31D4 /* LoginViewModel.swift */,
			);
			path = LoginViewModel;
			sourceTree = "<group>";
		};
		B45A89972B0ADCB8006FC2F1 = {
			isa = PBXGroup;
			children = (
				B45A89A22B0ADCB8006FC2F1 /* AuthenticationSwiftUI */,
				B45A89B32B0ADCBB006FC2F1 /* AuthenticationSwiftUITests */,
				B45A89BD2B0ADCBB006FC2F1 /* AuthenticationSwiftUIUITests */,
				B45A89A12B0ADCB8006FC2F1 /* Products */,
			);
			sourceTree = "<group>";
		};
		B45A89A12B0ADCB8006FC2F1 /* Products */ = {
			isa = PBXGroup;
			children = (
				B45A89A02B0ADCB8006FC2F1 /* AuthenticationSwiftUI.app */,
				B45A89B02B0ADCBB006FC2F1 /* AuthenticationSwiftUITests.xctest */,
				B45A89BA2B0ADCBB006FC2F1 /* AuthenticationSwiftUIUITests.xctest */,
			);
			name = Products;
			sourceTree = "<group>";
		};
		B45A89A22B0ADCB8006FC2F1 /* AuthenticationSwiftUI */ = {
			isa = PBXGroup;
			children = (
				B4CFC6812B0B2BEF00C56712 /* Utilities */,
				B4CFC6782B0B26F200C56712 /* NetworkService */,
				B4CFC6742B0B210500C56712 /* Details */,
				B4CFC6732B0B20FA00C56712 /* DashBoard */,
				B4CFC6722B0B20DE00C56712 /* Splash */,
				B4CFC66F2B0B206000C56712 /* Login */,
				B45A89A32B0ADCB8006FC2F1 /* AuthenticationSwiftUIApp.swift */,
				B45A89A52B0ADCB8006FC2F1 /* ContentView.swift */,
				B45A89A72B0ADCBB006FC2F1 /* Assets.xcassets */,
				B45A89A92B0ADCBB006FC2F1 /* Preview Content */,
			);
			path = AuthenticationSwiftUI;
			sourceTree = "<group>";
		};
		B45A89A92B0ADCBB006FC2F1 /* Preview Content */ = {
			isa = PBXGroup;
			children = (
				B45A89AA2B0ADCBB006FC2F1 /* Preview Assets.xcassets */,
			);
			path = "Preview Content";
			sourceTree = "<group>";
		};
		B45A89B32B0ADCBB006FC2F1 /* AuthenticationSwiftUITests */ = {
			isa = PBXGroup;
			children = (
				B4A11F962B24F7CF00FD43CC /* Login */,
			);
			path = AuthenticationSwiftUITests;
			sourceTree = "<group>";
		};
		B45A89BD2B0ADCBB006FC2F1 /* AuthenticationSwiftUIUITests */ = {
			isa = PBXGroup;
			children = (
				B49DFF182B244538000FB134 /* XCUITest+Extensions */,
				B49DFF172B24452D000FB134 /* LoginUITest */,
			);
			path = AuthenticationSwiftUIUITests;
			sourceTree = "<group>";
		};
		B49DFF172B24452D000FB134 /* LoginUITest */ = {
			isa = PBXGroup;
			children = (
				B49DFF1D2B24462B000FB134 /* Login.swift */,
				B49DFF1B2B244617000FB134 /* LoginScreen.swift */,
				B49DFF192B2445F9000FB134 /* LoginTest.swift */,
			);
			path = LoginUITest;
			sourceTree = "<group>";
		};
		B49DFF182B244538000FB134 /* XCUITest+Extensions */ = {
			isa = PBXGroup;
			children = (
				B45A89C02B0ADCBB006FC2F1 /* AuthenticationSwiftUIUITestsLaunchTests.swift */,
				B4A11F942B24E9CB00FD43CC /* Keyboard.swift */,
				B4A11F902B24CEE300FD43CC /* Screen.swift */,
				B4A11F922B24DE7400FD43CC /* BaseTestCase.swift */,
			);
			path = "XCUITest+Extensions";
			sourceTree = "<group>";
		};
		B4A11F962B24F7CF00FD43CC /* Login */ = {
			isa = PBXGroup;
			children = (
				B4C1858C2B22BA8900FB2960 /* LoginTests.swift */,
			);
			path = Login;
			sourceTree = "<group>";
		};
		B4A11F9A2B25536C00FD43CC /* Model */ = {
			isa = PBXGroup;
			children = (
				B4A11FA02B25541700FD43CC /* HomeDashBoard.swift */,
			);
			path = Model;
			sourceTree = "<group>";
		};
		B4A11F9B2B25538F00FD43CC /* View */ = {
			isa = PBXGroup;
			children = (
				B4A11F9E2B2553D400FD43CC /* HomeScreen.swift */,
			);
			path = View;
			sourceTree = "<group>";
		};
		B4A11F9C2B25539A00FD43CC /* ViewModel */ = {
			isa = PBXGroup;
			children = (
				B4A11FA42B25546F00FD43CC /* HomeViewModel.swift */,
			);
			path = ViewModel;
			sourceTree = "<group>";
		};
		B4A11F9D2B2553A600FD43CC /* Services */ = {
			isa = PBXGroup;
			children = (
				B4A11FA22B25545A00FD43CC /* DashBoardNetworkServices.swift */,
			);
			path = Services;
			sourceTree = "<group>";
		};
		B4CFC66F2B0B206000C56712 /* Login */ = {
			isa = PBXGroup;
			children = (
				B40857EE2B167214008A31D4 /* LoginViewModel */,
				B4CFC6852B0B35EF00C56712 /* LoginView */,
				B4CFC6842B0B35DE00C56712 /* LoginService */,
				B4CFC6752B0B222700C56712 /* LoginModel */,
			);
			path = Login;
			sourceTree = "<group>";
		};
		B4CFC6722B0B20DE00C56712 /* Splash */ = {
			isa = PBXGroup;
			children = (
				B4CFC66D2B0B1F1800C56712 /* SplashView.swift */,
			);
			path = Splash;
			sourceTree = "<group>";
		};
		B4CFC6732B0B20FA00C56712 /* DashBoard */ = {
			isa = PBXGroup;
			children = (
				B4A11F9D2B2553A600FD43CC /* Services */,
				B4A11F9C2B25539A00FD43CC /* ViewModel */,
				B4A11F9B2B25538F00FD43CC /* View */,
				B4A11F9A2B25536C00FD43CC /* Model */,
			);
			path = DashBoard;
			sourceTree = "<group>";
		};
		B4CFC6742B0B210500C56712 /* Details */ = {
			isa = PBXGroup;
			children = (
			);
			path = Details;
			sourceTree = "<group>";
		};
		B4CFC6752B0B222700C56712 /* LoginModel */ = {
			isa = PBXGroup;
			children = (
				B4CFC6762B0B222700C56712 /* LoginUser.swift */,
			);
			path = LoginModel;
			sourceTree = "<group>";
		};
		B4CFC6782B0B26F200C56712 /* NetworkService */ = {
			isa = PBXGroup;
			children = (
				B4CFC6792B0B273D00C56712 /* HTTPMethod.swift */,
				B4CFC67B2B0B277A00C56712 /* NetworkRequestError.swift */,
				B4CFC67D2B0B2AB300C56712 /* APIConstants.swift */,
				B4CFC67F2B0B2B4F00C56712 /* APIClient.swift */,
				B440DD862B12FFE700692D7D /* APIRequestProtocol.swift */,
			);
			path = NetworkService;
			sourceTree = "<group>";
		};
		B4CFC6812B0B2BEF00C56712 /* Utilities */ = {
			isa = PBXGroup;
			children = (
				B4CFC6822B0B2BEF00C56712 /* Log.swift */,
			);
			path = Utilities;
			sourceTree = "<group>";
		};
		B4CFC6842B0B35DE00C56712 /* LoginService */ = {
			isa = PBXGroup;
			children = (
				B4CFC6862B0B361000C56712 /* LoginService.swift */,
				B440DD842B12FD9200692D7D /* LoginAPI.swift */,
			);
			path = LoginService;
			sourceTree = "<group>";
		};
		B4CFC6852B0B35EF00C56712 /* LoginView */ = {
			isa = PBXGroup;
			children = (
				B4CFC6702B0B207900C56712 /* LoginView.swift */,
			);
			path = LoginView;
			sourceTree = "<group>";
		};
/* End PBXGroup section */

/* Begin PBXNativeTarget section */
		B45A899F2B0ADCB8006FC2F1 /* AuthenticationSwiftUI */ = {
			isa = PBXNativeTarget;
			buildConfigurationList = B45A89C42B0ADCBB006FC2F1 /* Build configuration list for PBXNativeTarget "AuthenticationSwiftUI" */;
			buildPhases = (
				B45A899C2B0ADCB8006FC2F1 /* Sources */,
				B45A899D2B0ADCB8006FC2F1 /* Frameworks */,
				B45A899E2B0ADCB8006FC2F1 /* Resources */,
			);
			buildRules = (
			);
			dependencies = (
			);
			name = AuthenticationSwiftUI;
			packageProductDependencies = (
				B4A11F982B25431600FD43CC /* SimpleToast */,
			);
			productName = AuthenticationSwiftUI;
			productReference = B45A89A02B0ADCB8006FC2F1 /* AuthenticationSwiftUI.app */;
			productType = "com.apple.product-type.application";
		};
		B45A89AF2B0ADCBB006FC2F1 /* AuthenticationSwiftUITests */ = {
			isa = PBXNativeTarget;
			buildConfigurationList = B45A89C72B0ADCBB006FC2F1 /* Build configuration list for PBXNativeTarget "AuthenticationSwiftUITests" */;
			buildPhases = (
				B45A89AC2B0ADCBB006FC2F1 /* Sources */,
				B45A89AD2B0ADCBB006FC2F1 /* Frameworks */,
				B45A89AE2B0ADCBB006FC2F1 /* Resources */,
			);
			buildRules = (
			);
			dependencies = (
				B45A89B22B0ADCBB006FC2F1 /* PBXTargetDependency */,
			);
			name = AuthenticationSwiftUITests;
			productName = AuthenticationSwiftUITests;
			productReference = B45A89B02B0ADCBB006FC2F1 /* AuthenticationSwiftUITests.xctest */;
			productType = "com.apple.product-type.bundle.unit-test";
		};
		B45A89B92B0ADCBB006FC2F1 /* AuthenticationSwiftUIUITests */ = {
			isa = PBXNativeTarget;
			buildConfigurationList = B45A89CA2B0ADCBB006FC2F1 /* Build configuration list for PBXNativeTarget "AuthenticationSwiftUIUITests" */;
			buildPhases = (
				B45A89B62B0ADCBB006FC2F1 /* Sources */,
				B45A89B72B0ADCBB006FC2F1 /* Frameworks */,
				B45A89B82B0ADCBB006FC2F1 /* Resources */,
			);
			buildRules = (
			);
			dependencies = (
				B45A89BC2B0ADCBB006FC2F1 /* PBXTargetDependency */,
			);
			name = AuthenticationSwiftUIUITests;
			productName = AuthenticationSwiftUIUITests;
			productReference = B45A89BA2B0ADCBB006FC2F1 /* AuthenticationSwiftUIUITests.xctest */;
			productType = "com.apple.product-type.bundle.ui-testing";
		};
/* End PBXNativeTarget section */

/* Begin PBXProject section */
		B45A89982B0ADCB8006FC2F1 /* Project object */ = {
			isa = PBXProject;
			attributes = {
				BuildIndependentTargetsInParallel = 1;
				LastSwiftUpdateCheck = 1500;
				LastUpgradeCheck = 1500;
				TargetAttributes = {
					B45A899F2B0ADCB8006FC2F1 = {
						CreatedOnToolsVersion = 15.0.1;
					};
					B45A89AF2B0ADCBB006FC2F1 = {
						CreatedOnToolsVersion = 15.0.1;
						TestTargetID = B45A899F2B0ADCB8006FC2F1;
					};
					B45A89B92B0ADCBB006FC2F1 = {
						CreatedOnToolsVersion = 15.0.1;
						TestTargetID = B45A899F2B0ADCB8006FC2F1;
					};
				};
			};
			buildConfigurationList = B45A899B2B0ADCB8006FC2F1 /* Build configuration list for PBXProject "AuthenticationSwiftUI" */;
			compatibilityVersion = "Xcode 14.0";
			developmentRegion = en;
			hasScannedForEncodings = 0;
			knownRegions = (
				en,
				Base,
			);
			mainGroup = B45A89972B0ADCB8006FC2F1;
			packageReferences = (
				B4A11F972B25431500FD43CC /* XCRemoteSwiftPackageReference "SimpleToast" */,
			);
			productRefGroup = B45A89A12B0ADCB8006FC2F1 /* Products */;
			projectDirPath = "";
			projectRoot = "";
			targets = (
				B45A899F2B0ADCB8006FC2F1 /* AuthenticationSwiftUI */,
				B45A89AF2B0ADCBB006FC2F1 /* AuthenticationSwiftUITests */,
				B45A89B92B0ADCBB006FC2F1 /* AuthenticationSwiftUIUITests */,
			);
		};
/* End PBXProject section */

/* Begin PBXResourcesBuildPhase section */
		B45A899E2B0ADCB8006FC2F1 /* Resources */ = {
			isa = PBXResourcesBuildPhase;
			buildActionMask = 2147483647;
			files = (
				B45A89AB2B0ADCBB006FC2F1 /* Preview Assets.xcassets in Resources */,
				B45A89A82B0ADCBB006FC2F1 /* Assets.xcassets in Resources */,
			);
			runOnlyForDeploymentPostprocessing = 0;
		};
		B45A89AE2B0ADCBB006FC2F1 /* Resources */ = {
			isa = PBXResourcesBuildPhase;
			buildActionMask = 2147483647;
			files = (
			);
			runOnlyForDeploymentPostprocessing = 0;
		};
		B45A89B82B0ADCBB006FC2F1 /* Resources */ = {
			isa = PBXResourcesBuildPhase;
			buildActionMask = 2147483647;
			files = (
			);
			runOnlyForDeploymentPostprocessing = 0;
		};
/* End PBXResourcesBuildPhase section */

/* Begin PBXSourcesBuildPhase section */
		B45A899C2B0ADCB8006FC2F1 /* Sources */ = {
			isa = PBXSourcesBuildPhase;
			buildActionMask = 2147483647;
			files = (
				B45A89A62B0ADCB8006FC2F1 /* ContentView.swift in Sources */,
				B4A11FA52B25546F00FD43CC /* HomeViewModel.swift in Sources */,
				B4CFC6772B0B222700C56712 /* LoginUser.swift in Sources */,
				B440DD872B12FFE700692D7D /* APIRequestProtocol.swift in Sources */,
				B4CFC6832B0B2BEF00C56712 /* Log.swift in Sources */,
				B4CFC67A2B0B273D00C56712 /* HTTPMethod.swift in Sources */,
				B440DD852B12FD9200692D7D /* LoginAPI.swift in Sources */,
				B40857F02B16722E008A31D4 /* LoginViewModel.swift in Sources */,
				B45A89A42B0ADCB8006FC2F1 /* AuthenticationSwiftUIApp.swift in Sources */,
				B4CFC67E2B0B2AB300C56712 /* APIConstants.swift in Sources */,
				B4A11FA32B25545A00FD43CC /* DashBoardNetworkServices.swift in Sources */,
				B4CFC6872B0B361000C56712 /* LoginService.swift in Sources */,
				B4CFC67C2B0B277A00C56712 /* NetworkRequestError.swift in Sources */,
				B4A11F9F2B2553D400FD43CC /* HomeScreen.swift in Sources */,
				B4CFC6712B0B207900C56712 /* LoginView.swift in Sources */,
				B4CFC66E2B0B1F1800C56712 /* SplashView.swift in Sources */,
				B4CFC6802B0B2B4F00C56712 /* APIClient.swift in Sources */,
				B4A11FA12B25541700FD43CC /* HomeDashBoard.swift in Sources */,
			);
			runOnlyForDeploymentPostprocessing = 0;
		};
		B45A89AC2B0ADCBB006FC2F1 /* Sources */ = {
			isa = PBXSourcesBuildPhase;
			buildActionMask = 2147483647;
			files = (
				B4C1858D2B22BA8900FB2960 /* LoginTests.swift in Sources */,
			);
			runOnlyForDeploymentPostprocessing = 0;
		};
		B45A89B62B0ADCBB006FC2F1 /* Sources */ = {
			isa = PBXSourcesBuildPhase;
			buildActionMask = 2147483647;
			files = (
				B49DFF1A2B2445F9000FB134 /* LoginTest.swift in Sources */,
				B49DFF1E2B24462B000FB134 /* Login.swift in Sources */,
				B4A11F952B24E9CB00FD43CC /* Keyboard.swift in Sources */,
				B49DFF1C2B244617000FB134 /* LoginScreen.swift in Sources */,
				B4A11F932B24DE7400FD43CC /* BaseTestCase.swift in Sources */,
				B45A89C12B0ADCBB006FC2F1 /* AuthenticationSwiftUIUITestsLaunchTests.swift in Sources */,
				B4A11F912B24CEE300FD43CC /* Screen.swift in Sources */,
			);
			runOnlyForDeploymentPostprocessing = 0;
		};
/* End PBXSourcesBuildPhase section */

/* Begin PBXTargetDependency section */
		B45A89B22B0ADCBB006FC2F1 /* PBXTargetDependency */ = {
			isa = PBXTargetDependency;
			target = B45A899F2B0ADCB8006FC2F1 /* AuthenticationSwiftUI */;
			targetProxy = B45A89B12B0ADCBB006FC2F1 /* PBXContainerItemProxy */;
		};
		B45A89BC2B0ADCBB006FC2F1 /* PBXTargetDependency */ = {
			isa = PBXTargetDependency;
			target = B45A899F2B0ADCB8006FC2F1 /* AuthenticationSwiftUI */;
			targetProxy = B45A89BB2B0ADCBB006FC2F1 /* PBXContainerItemProxy */;
		};
/* End PBXTargetDependency section */

/* Begin XCBuildConfiguration section */
		B45A89C22B0ADCBB006FC2F1 /* Debug */ = {
			isa = XCBuildConfiguration;
			buildSettings = {
				ALWAYS_SEARCH_USER_PATHS = NO;
				ASSETCATALOG_COMPILER_GENERATE_SWIFT_ASSET_SYMBOL_EXTENSIONS = YES;
				CLANG_ANALYZER_NONNULL = YES;
				CLANG_ANALYZER_NUMBER_OBJECT_CONVERSION = YES_AGGRESSIVE;
				CLANG_CXX_LANGUAGE_STANDARD = "gnu++20";
				CLANG_ENABLE_MODULES = YES;
				CLANG_ENABLE_OBJC_ARC = YES;
				CLANG_ENABLE_OBJC_WEAK = YES;
				CLANG_WARN_BLOCK_CAPTURE_AUTORELEASING = YES;
				CLANG_WARN_BOOL_CONVERSION = YES;
				CLANG_WARN_COMMA = YES;
				CLANG_WARN_CONSTANT_CONVERSION = YES;
				CLANG_WARN_DEPRECATED_OBJC_IMPLEMENTATIONS = YES;
				CLANG_WARN_DIRECT_OBJC_ISA_USAGE = YES_ERROR;
				CLANG_WARN_DOCUMENTATION_COMMENTS = YES;
				CLANG_WARN_EMPTY_BODY = YES;
				CLANG_WARN_ENUM_CONVERSION = YES;
				CLANG_WARN_INFINITE_RECURSION = YES;
				CLANG_WARN_INT_CONVERSION = YES;
				CLANG_WARN_NON_LITERAL_NULL_CONVERSION = YES;
				CLANG_WARN_OBJC_IMPLICIT_RETAIN_SELF = YES;
				CLANG_WARN_OBJC_LITERAL_CONVERSION = YES;
				CLANG_WARN_OBJC_ROOT_CLASS = YES_ERROR;
				CLANG_WARN_QUOTED_INCLUDE_IN_FRAMEWORK_HEADER = YES;
				CLANG_WARN_RANGE_LOOP_ANALYSIS = YES;
				CLANG_WARN_STRICT_PROTOTYPES = YES;
				CLANG_WARN_SUSPICIOUS_MOVE = YES;
				CLANG_WARN_UNGUARDED_AVAILABILITY = YES_AGGRESSIVE;
				CLANG_WARN_UNREACHABLE_CODE = YES;
				CLANG_WARN__DUPLICATE_METHOD_MATCH = YES;
				COPY_PHASE_STRIP = NO;
				DEBUG_INFORMATION_FORMAT = dwarf;
				ENABLE_STRICT_OBJC_MSGSEND = YES;
				ENABLE_TESTABILITY = YES;
				ENABLE_USER_SCRIPT_SANDBOXING = YES;
				GCC_C_LANGUAGE_STANDARD = gnu17;
				GCC_DYNAMIC_NO_PIC = NO;
				GCC_NO_COMMON_BLOCKS = YES;
				GCC_OPTIMIZATION_LEVEL = 0;
				GCC_PREPROCESSOR_DEFINITIONS = (
					"DEBUG=1",
					"$(inherited)",
				);
				GCC_WARN_64_TO_32_BIT_CONVERSION = YES;
				GCC_WARN_ABOUT_RETURN_TYPE = YES_ERROR;
				GCC_WARN_UNDECLARED_SELECTOR = YES;
				GCC_WARN_UNINITIALIZED_AUTOS = YES_AGGRESSIVE;
				GCC_WARN_UNUSED_FUNCTION = YES;
				GCC_WARN_UNUSED_VARIABLE = YES;
				IPHONEOS_DEPLOYMENT_TARGET = 15.0;
				LOCALIZATION_PREFERS_STRING_CATALOGS = YES;
				MTL_ENABLE_DEBUG_INFO = INCLUDE_SOURCE;
				MTL_FAST_MATH = YES;
				ONLY_ACTIVE_ARCH = YES;
				SDKROOT = iphoneos;
				SWIFT_ACTIVE_COMPILATION_CONDITIONS = "DEBUG $(inherited)";
				SWIFT_OPTIMIZATION_LEVEL = "-Onone";
			};
			name = Debug;
		};
		B45A89C32B0ADCBB006FC2F1 /* Release */ = {
			isa = XCBuildConfiguration;
			buildSettings = {
				ALWAYS_SEARCH_USER_PATHS = NO;
				ASSETCATALOG_COMPILER_GENERATE_SWIFT_ASSET_SYMBOL_EXTENSIONS = YES;
				CLANG_ANALYZER_NONNULL = YES;
				CLANG_ANALYZER_NUMBER_OBJECT_CONVERSION = YES_AGGRESSIVE;
				CLANG_CXX_LANGUAGE_STANDARD = "gnu++20";
				CLANG_ENABLE_MODULES = YES;
				CLANG_ENABLE_OBJC_ARC = YES;
				CLANG_ENABLE_OBJC_WEAK = YES;
				CLANG_WARN_BLOCK_CAPTURE_AUTORELEASING = YES;
				CLANG_WARN_BOOL_CONVERSION = YES;
				CLANG_WARN_COMMA = YES;
				CLANG_WARN_CONSTANT_CONVERSION = YES;
				CLANG_WARN_DEPRECATED_OBJC_IMPLEMENTATIONS = YES;
				CLANG_WARN_DIRECT_OBJC_ISA_USAGE = YES_ERROR;
				CLANG_WARN_DOCUMENTATION_COMMENTS = YES;
				CLANG_WARN_EMPTY_BODY = YES;
				CLANG_WARN_ENUM_CONVERSION = YES;
				CLANG_WARN_INFINITE_RECURSION = YES;
				CLANG_WARN_INT_CONVERSION = YES;
				CLANG_WARN_NON_LITERAL_NULL_CONVERSION = YES;
				CLANG_WARN_OBJC_IMPLICIT_RETAIN_SELF = YES;
				CLANG_WARN_OBJC_LITERAL_CONVERSION = YES;
				CLANG_WARN_OBJC_ROOT_CLASS = YES_ERROR;
				CLANG_WARN_QUOTED_INCLUDE_IN_FRAMEWORK_HEADER = YES;
				CLANG_WARN_RANGE_LOOP_ANALYSIS = YES;
				CLANG_WARN_STRICT_PROTOTYPES = YES;
				CLANG_WARN_SUSPICIOUS_MOVE = YES;
				CLANG_WARN_UNGUARDED_AVAILABILITY = YES_AGGRESSIVE;
				CLANG_WARN_UNREACHABLE_CODE = YES;
				CLANG_WARN__DUPLICATE_METHOD_MATCH = YES;
				COPY_PHASE_STRIP = NO;
				DEBUG_INFORMATION_FORMAT = "dwarf-with-dsym";
				ENABLE_NS_ASSERTIONS = NO;
				ENABLE_STRICT_OBJC_MSGSEND = YES;
				ENABLE_USER_SCRIPT_SANDBOXING = YES;
				GCC_C_LANGUAGE_STANDARD = gnu17;
				GCC_NO_COMMON_BLOCKS = YES;
				GCC_WARN_64_TO_32_BIT_CONVERSION = YES;
				GCC_WARN_ABOUT_RETURN_TYPE = YES_ERROR;
				GCC_WARN_UNDECLARED_SELECTOR = YES;
				GCC_WARN_UNINITIALIZED_AUTOS = YES_AGGRESSIVE;
				GCC_WARN_UNUSED_FUNCTION = YES;
				GCC_WARN_UNUSED_VARIABLE = YES;
				IPHONEOS_DEPLOYMENT_TARGET = 15.0;
				LOCALIZATION_PREFERS_STRING_CATALOGS = YES;
				MTL_ENABLE_DEBUG_INFO = NO;
				MTL_FAST_MATH = YES;
				SDKROOT = iphoneos;
				SWIFT_COMPILATION_MODE = wholemodule;
				VALIDATE_PRODUCT = YES;
			};
			name = Release;
		};
		B45A89C52B0ADCBB006FC2F1 /* Debug */ = {
			isa = XCBuildConfiguration;
			buildSettings = {
				ASSETCATALOG_COMPILER_APPICON_NAME = AppIcon;
				ASSETCATALOG_COMPILER_GLOBAL_ACCENT_COLOR_NAME = AccentColor;
				CODE_SIGN_STYLE = Automatic;
				CURRENT_PROJECT_VERSION = 1;
				DEVELOPMENT_ASSET_PATHS = "\"AuthenticationSwiftUI/Preview Content\"";
				DEVELOPMENT_TEAM = R975Y8X2C9;
				ENABLE_PREVIEWS = YES;
				GENERATE_INFOPLIST_FILE = YES;
				INFOPLIST_KEY_UIApplicationSceneManifest_Generation = YES;
				INFOPLIST_KEY_UIApplicationSupportsIndirectInputEvents = YES;
				INFOPLIST_KEY_UILaunchScreen_Generation = YES;
				INFOPLIST_KEY_UISupportedInterfaceOrientations_iPad = "UIInterfaceOrientationPortrait UIInterfaceOrientationPortraitUpsideDown UIInterfaceOrientationLandscapeLeft UIInterfaceOrientationLandscapeRight";
				INFOPLIST_KEY_UISupportedInterfaceOrientations_iPhone = "UIInterfaceOrientationPortrait UIInterfaceOrientationLandscapeLeft UIInterfaceOrientationLandscapeRight";
				IPHONEOS_DEPLOYMENT_TARGET = 15.0;
				LD_RUNPATH_SEARCH_PATHS = (
					"$(inherited)",
					"@executable_path/Frameworks",
				);
				MARKETING_VERSION = 1.0;
				PRODUCT_BUNDLE_IDENTIFIER = com.appsQube.AuthenticationSwiftUI;
				PRODUCT_NAME = "$(TARGET_NAME)";
				SWIFT_EMIT_LOC_STRINGS = YES;
				SWIFT_VERSION = 5.0;
				TARGETED_DEVICE_FAMILY = "1,2";
			};
			name = Debug;
		};
		B45A89C62B0ADCBB006FC2F1 /* Release */ = {
			isa = XCBuildConfiguration;
			buildSettings = {
				ASSETCATALOG_COMPILER_APPICON_NAME = AppIcon;
				ASSETCATALOG_COMPILER_GLOBAL_ACCENT_COLOR_NAME = AccentColor;
				CODE_SIGN_STYLE = Automatic;
				CURRENT_PROJECT_VERSION = 1;
				DEVELOPMENT_ASSET_PATHS = "\"AuthenticationSwiftUI/Preview Content\"";
				DEVELOPMENT_TEAM = R975Y8X2C9;
				ENABLE_PREVIEWS = YES;
				GENERATE_INFOPLIST_FILE = YES;
				INFOPLIST_KEY_UIApplicationSceneManifest_Generation = YES;
				INFOPLIST_KEY_UIApplicationSupportsIndirectInputEvents = YES;
				INFOPLIST_KEY_UILaunchScreen_Generation = YES;
				INFOPLIST_KEY_UISupportedInterfaceOrientations_iPad = "UIInterfaceOrientationPortrait UIInterfaceOrientationPortraitUpsideDown UIInterfaceOrientationLandscapeLeft UIInterfaceOrientationLandscapeRight";
				INFOPLIST_KEY_UISupportedInterfaceOrientations_iPhone = "UIInterfaceOrientationPortrait UIInterfaceOrientationLandscapeLeft UIInterfaceOrientationLandscapeRight";
				IPHONEOS_DEPLOYMENT_TARGET = 15.0;
				LD_RUNPATH_SEARCH_PATHS = (
					"$(inherited)",
					"@executable_path/Frameworks",
				);
				MARKETING_VERSION = 1.0;
				PRODUCT_BUNDLE_IDENTIFIER = com.appsQube.AuthenticationSwiftUI;
				PRODUCT_NAME = "$(TARGET_NAME)";
				SWIFT_EMIT_LOC_STRINGS = YES;
				SWIFT_VERSION = 5.0;
				TARGETED_DEVICE_FAMILY = "1,2";
			};
			name = Release;
		};
		B45A89C82B0ADCBB006FC2F1 /* Debug */ = {
			isa = XCBuildConfiguration;
			buildSettings = {
				ALWAYS_EMBED_SWIFT_STANDARD_LIBRARIES = YES;
				BUNDLE_LOADER = "$(TEST_HOST)";
				CODE_SIGN_STYLE = Automatic;
				CURRENT_PROJECT_VERSION = 1;
				DEVELOPMENT_TEAM = R975Y8X2C9;
				GENERATE_INFOPLIST_FILE = YES;
				IPHONEOS_DEPLOYMENT_TARGET = 17.0;
				MARKETING_VERSION = 1.0;
				PRODUCT_BUNDLE_IDENTIFIER = com.appsQube.AuthenticationSwiftUITests;
				PRODUCT_NAME = "$(TARGET_NAME)";
				SWIFT_EMIT_LOC_STRINGS = NO;
				SWIFT_VERSION = 5.0;
				TARGETED_DEVICE_FAMILY = "1,2";
				TEST_HOST = "$(BUILT_PRODUCTS_DIR)/AuthenticationSwiftUI.app/$(BUNDLE_EXECUTABLE_FOLDER_PATH)/AuthenticationSwiftUI";
			};
			name = Debug;
		};
		B45A89C92B0ADCBB006FC2F1 /* Release */ = {
			isa = XCBuildConfiguration;
			buildSettings = {
				ALWAYS_EMBED_SWIFT_STANDARD_LIBRARIES = YES;
				BUNDLE_LOADER = "$(TEST_HOST)";
				CODE_SIGN_STYLE = Automatic;
				CURRENT_PROJECT_VERSION = 1;
				DEVELOPMENT_TEAM = R975Y8X2C9;
				GENERATE_INFOPLIST_FILE = YES;
				IPHONEOS_DEPLOYMENT_TARGET = 17.0;
				MARKETING_VERSION = 1.0;
				PRODUCT_BUNDLE_IDENTIFIER = com.appsQube.AuthenticationSwiftUITests;
				PRODUCT_NAME = "$(TARGET_NAME)";
				SWIFT_EMIT_LOC_STRINGS = NO;
				SWIFT_VERSION = 5.0;
				TARGETED_DEVICE_FAMILY = "1,2";
				TEST_HOST = "$(BUILT_PRODUCTS_DIR)/AuthenticationSwiftUI.app/$(BUNDLE_EXECUTABLE_FOLDER_PATH)/AuthenticationSwiftUI";
			};
			name = Release;
		};
		B45A89CB2B0ADCBB006FC2F1 /* Debug */ = {
			isa = XCBuildConfiguration;
			buildSettings = {
				ALWAYS_EMBED_SWIFT_STANDARD_LIBRARIES = YES;
				CODE_SIGN_STYLE = Automatic;
				CURRENT_PROJECT_VERSION = 1;
				DEVELOPMENT_TEAM = R975Y8X2C9;
				GENERATE_INFOPLIST_FILE = YES;
				MARKETING_VERSION = 1.0;
				PRODUCT_BUNDLE_IDENTIFIER = com.appsQube.AuthenticationSwiftUIUITests;
				PRODUCT_NAME = "$(TARGET_NAME)";
				SWIFT_EMIT_LOC_STRINGS = NO;
				SWIFT_VERSION = 5.0;
				TARGETED_DEVICE_FAMILY = "1,2";
				TEST_TARGET_NAME = AuthenticationSwiftUI;
			};
			name = Debug;
		};
		B45A89CC2B0ADCBB006FC2F1 /* Release */ = {
			isa = XCBuildConfiguration;
			buildSettings = {
				ALWAYS_EMBED_SWIFT_STANDARD_LIBRARIES = YES;
				CODE_SIGN_STYLE = Automatic;
				CURRENT_PROJECT_VERSION = 1;
				DEVELOPMENT_TEAM = R975Y8X2C9;
				GENERATE_INFOPLIST_FILE = YES;
				MARKETING_VERSION = 1.0;
				PRODUCT_BUNDLE_IDENTIFIER = com.appsQube.AuthenticationSwiftUIUITests;
				PRODUCT_NAME = "$(TARGET_NAME)";
				SWIFT_EMIT_LOC_STRINGS = NO;
				SWIFT_VERSION = 5.0;
				TARGETED_DEVICE_FAMILY = "1,2";
				TEST_TARGET_NAME = AuthenticationSwiftUI;
			};
			name = Release;
		};
/* End XCBuildConfiguration section */

/* Begin XCConfigurationList section */
		B45A899B2B0ADCB8006FC2F1 /* Build configuration list for PBXProject "AuthenticationSwiftUI" */ = {
			isa = XCConfigurationList;
			buildConfigurations = (
				B45A89C22B0ADCBB006FC2F1 /* Debug */,
				B45A89C32B0ADCBB006FC2F1 /* Release */,
			);
			defaultConfigurationIsVisible = 0;
			defaultConfigurationName = Release;
		};
		B45A89C42B0ADCBB006FC2F1 /* Build configuration list for PBXNativeTarget "AuthenticationSwiftUI" */ = {
			isa = XCConfigurationList;
			buildConfigurations = (
				B45A89C52B0ADCBB006FC2F1 /* Debug */,
				B45A89C62B0ADCBB006FC2F1 /* Release */,
			);
			defaultConfigurationIsVisible = 0;
			defaultConfigurationName = Release;
		};
		B45A89C72B0ADCBB006FC2F1 /* Build configuration list for PBXNativeTarget "AuthenticationSwiftUITests" */ = {
			isa = XCConfigurationList;
			buildConfigurations = (
				B45A89C82B0ADCBB006FC2F1 /* Debug */,
				B45A89C92B0ADCBB006FC2F1 /* Release */,
			);
			defaultConfigurationIsVisible = 0;
			defaultConfigurationName = Release;
		};
		B45A89CA2B0ADCBB006FC2F1 /* Build configuration list for PBXNativeTarget "AuthenticationSwiftUIUITests" */ = {
			isa = XCConfigurationList;
			buildConfigurations = (
				B45A89CB2B0ADCBB006FC2F1 /* Debug */,
				B45A89CC2B0ADCBB006FC2F1 /* Release */,
			);
			defaultConfigurationIsVisible = 0;
			defaultConfigurationName = Release;
		};
/* End XCConfigurationList section */

/* Begin XCRemoteSwiftPackageReference section */
		B4A11F972B25431500FD43CC /* XCRemoteSwiftPackageReference "SimpleToast" */ = {
			isa = XCRemoteSwiftPackageReference;
			repositoryURL = "https://github.com/sanzaru/SimpleToast";
			requirement = {
				kind = upToNextMajorVersion;
				minimumVersion = 0.8.1;
			};
		};
/* End XCRemoteSwiftPackageReference section */

/* Begin XCSwiftPackageProductDependency section */
		B4A11F982B25431600FD43CC /* SimpleToast */ = {
			isa = XCSwiftPackageProductDependency;
			package = B4A11F972B25431500FD43CC /* XCRemoteSwiftPackageReference "SimpleToast" */;
			productName = SimpleToast;
		};
/* End XCSwiftPackageProductDependency section */
	};
	rootObject = B45A89982B0ADCB8006FC2F1 /* Project object */;
}
